
Microsoft Visual Studio Solution File, Format Version 12.00
# Visual Studio Version 16
VisualStudioVersion = 16.0.29503.13
MinimumVisualStudioVersion = 10.0.40219.1
Project("{9A19103F-16F7-4668-BE54-9A1E7A4F7556}") = "Ketchup.Core", "src\Ketchup.Core\Ketchup.Core.csproj", "{181EFE0E-F318-4A64-91A0-A238076471EE}"
EndProject
Project("{9A19103F-16F7-4668-BE54-9A1E7A4F7556}") = "Ketchup.Consul", "src\Ketchup.Consul\Ketchup.Consul.csproj", "{E5E60678-D499-4DA8-BC2A-C919A6086F89}"
EndProject
Project("{9A19103F-16F7-4668-BE54-9A1E7A4F7556}") = "Ketchup.Log4net", "src\Ketchup.Log4net\Ketchup.Log4net.csproj", "{6A31ADED-8005-48F3-979C-A2EFD19B0F09}"
EndProject
Project("{2150E333-8FDC-42A3-9474-1A3956D46DE8}") = "src", "src", "{5B3C3304-C18A-4C2A-BFE5-BCCCFCBF91D1}"
EndProject
Project("{2150E333-8FDC-42A3-9474-1A3956D46DE8}") = "test", "test", "{3A437EEA-9CCF-48CA-9AE8-2E0E036E70BB}"
EndProject
Project("{9A19103F-16F7-4668-BE54-9A1E7A4F7556}") = "Ketchup.Consul.Test", "test\Ketchup.Consul.Test\Ketchup.Consul.Test.csproj", "{82403930-2651-4A3C-A5C2-843C07649A8B}"
EndProject
Project("{9A19103F-16F7-4668-BE54-9A1E7A4F7556}") = "Ketchup.Core.Test", "test\Ketchup.Core.Test\Ketchup.Core.Test.csproj", "{0E71AEA8-CB12-4F5E-830A-8DE1ECEEA17D}"
EndProject
Project("{2150E333-8FDC-42A3-9474-1A3956D46DE8}") = "sample", "sample", "{3585020B-E24E-4936-9DA6-126E737A6572}"
EndProject
Project("{FAE04EC0-301F-11D3-BF4B-00C04F79EFBC}") = "Ketchup.Sample.Server", "sample\Ketchup.Sample.Server\Ketchup.Sample.Server.csproj", "{2FDE3A27-3150-435F-BFF9-D9D90E93DE47}"
EndProject
Global
	GlobalSection(SolutionConfigurationPlatforms) = preSolution
		Debug|Any CPU = Debug|Any CPU
		Release|Any CPU = Release|Any CPU
	EndGlobalSection
	GlobalSection(ProjectConfigurationPlatforms) = postSolution
		{181EFE0E-F318-4A64-91A0-A238076471EE}.Debug|Any CPU.ActiveCfg = Debug|Any CPU
		{181EFE0E-F318-4A64-91A0-A238076471EE}.Debug|Any CPU.Build.0 = Debug|Any CPU
		{181EFE0E-F318-4A64-91A0-A238076471EE}.Release|Any CPU.ActiveCfg = Release|Any CPU
		{181EFE0E-F318-4A64-91A0-A238076471EE}.Release|Any CPU.Build.0 = Release|Any CPU
		{E5E60678-D499-4DA8-BC2A-C919A6086F89}.Debug|Any CPU.ActiveCfg = Debug|Any CPU
		{E5E60678-D499-4DA8-BC2A-C919A6086F89}.Debug|Any CPU.Build.0 = Debug|Any CPU
		{E5E60678-D499-4DA8-BC2A-C919A6086F89}.Release|Any CPU.ActiveCfg = Release|Any CPU
		{E5E60678-D499-4DA8-BC2A-C919A6086F89}.Release|Any CPU.Build.0 = Release|Any CPU
		{6A31ADED-8005-48F3-979C-A2EFD19B0F09}.Debug|Any CPU.ActiveCfg = Debug|Any CPU
		{6A31ADED-8005-48F3-979C-A2EFD19B0F09}.Debug|Any CPU.Build.0 = Debug|Any CPU
		{6A31ADED-8005-48F3-979C-A2EFD19B0F09}.Release|Any CPU.ActiveCfg = Release|Any CPU
		{6A31ADED-8005-48F3-979C-A2EFD19B0F09}.Release|Any CPU.Build.0 = Release|Any CPU
		{82403930-2651-4A3C-A5C2-843C07649A8B}.Debug|Any CPU.ActiveCfg = Debug|Any CPU
		{82403930-2651-4A3C-A5C2-843C07649A8B}.Debug|Any CPU.Build.0 = Debug|Any CPU
		{82403930-2651-4A3C-A5C2-843C07649A8B}.Release|Any CPU.ActiveCfg = Release|Any CPU
		{82403930-2651-4A3C-A5C2-843C07649A8B}.Release|Any CPU.Build.0 = Release|Any CPU
		{0E71AEA8-CB12-4F5E-830A-8DE1ECEEA17D}.Debug|Any CPU.ActiveCfg = Debug|Any CPU
		{0E71AEA8-CB12-4F5E-830A-8DE1ECEEA17D}.Debug|Any CPU.Build.0 = Debug|Any CPU
		{0E71AEA8-CB12-4F5E-830A-8DE1ECEEA17D}.Release|Any CPU.ActiveCfg = Release|Any CPU
		{0E71AEA8-CB12-4F5E-830A-8DE1ECEEA17D}.Release|Any CPU.Build.0 = Release|Any CPU
		{2FDE3A27-3150-435F-BFF9-D9D90E93DE47}.Debug|Any CPU.ActiveCfg = Debug|Any CPU
		{2FDE3A27-3150-435F-BFF9-D9D90E93DE47}.Debug|Any CPU.Build.0 = Debug|Any CPU
		{2FDE3A27-3150-435F-BFF9-D9D90E93DE47}.Release|Any CPU.ActiveCfg = Release|Any CPU
		{2FDE3A27-3150-435F-BFF9-D9D90E93DE47}.Release|Any CPU.Build.0 = Release|Any CPU
	EndGlobalSection
	GlobalSection(SolutionProperties) = preSolution
		HideSolutionNode = FALSE
	EndGlobalSection
	GlobalSection(NestedProjects) = preSolution
		{181EFE0E-F318-4A64-91A0-A238076471EE} = {5B3C3304-C18A-4C2A-BFE5-BCCCFCBF91D1}
		{E5E60678-D499-4DA8-BC2A-C919A6086F89} = {5B3C3304-C18A-4C2A-BFE5-BCCCFCBF91D1}
		{6A31ADED-8005-48F3-979C-A2EFD19B0F09} = {5B3C3304-C18A-4C2A-BFE5-BCCCFCBF91D1}
		{82403930-2651-4A3C-A5C2-843C07649A8B} = {3A437EEA-9CCF-48CA-9AE8-2E0E036E70BB}
		{0E71AEA8-CB12-4F5E-830A-8DE1ECEEA17D} = {3A437EEA-9CCF-48CA-9AE8-2E0E036E70BB}
		{2FDE3A27-3150-435F-BFF9-D9D90E93DE47} = {3585020B-E24E-4936-9DA6-126E737A6572}
	EndGlobalSection
	GlobalSection(ExtensibilityGlobals) = postSolution
		SolutionGuid = {D69DA7EE-D2A0-4387-B287-356AF9B3BC18}
	EndGlobalSection
EndGlobal
