
Microsoft Visual Studio Solution File, Format Version 12.00
# Visual Studio Version 16
VisualStudioVersion = 16.0.29503.13
MinimumVisualStudioVersion = 10.0.40219.1
Project("{9A19103F-16F7-4668-BE54-9A1E7A4F7556}") = "Ketchup.Core", "src\Ketchup.Core\Ketchup.Core.csproj", "{181EFE0E-F318-4A64-91A0-A238076471EE}"
EndProject
Project("{9A19103F-16F7-4668-BE54-9A1E7A4F7556}") = "Ketchup.Consul", "src\Ketchup.Consul\Ketchup.Consul.csproj", "{E5E60678-D499-4DA8-BC2A-C919A6086F89}"
EndProject
Project("{2150E333-8FDC-42A3-9474-1A3956D46DE8}") = "src", "src", "{5B3C3304-C18A-4C2A-BFE5-BCCCFCBF91D1}"
EndProject
Project("{2150E333-8FDC-42A3-9474-1A3956D46DE8}") = "test", "test", "{3A437EEA-9CCF-48CA-9AE8-2E0E036E70BB}"
EndProject
Project("{9A19103F-16F7-4668-BE54-9A1E7A4F7556}") = "Ketchup.Consul.Test", "test\Ketchup.Consul.Test\Ketchup.Consul.Test.csproj", "{82403930-2651-4A3C-A5C2-843C07649A8B}"
EndProject
Project("{9A19103F-16F7-4668-BE54-9A1E7A4F7556}") = "Ketchup.Core.Test", "test\Ketchup.Core.Test\Ketchup.Core.Test.csproj", "{0E71AEA8-CB12-4F5E-830A-8DE1ECEEA17D}"
EndProject
Project("{2150E333-8FDC-42A3-9474-1A3956D46DE8}") = "sample", "sample", "{3585020B-E24E-4936-9DA6-126E737A6572}"
EndProject
Project("{9A19103F-16F7-4668-BE54-9A1E7A4F7556}") = "Ketchup.Sample.Server", "sample\Ketchup.Sample.Server\Ketchup.Sample.Server.csproj", "{2FDE3A27-3150-435F-BFF9-D9D90E93DE47}"
EndProject
Project("{9A19103F-16F7-4668-BE54-9A1E7A4F7556}") = "Ketchup.Sample.Client", "sample\Ketchup.Sample.Client\Ketchup.Sample.Client.csproj", "{71BBC2A0-7554-4051-8B7D-31DCC1A91886}"
EndProject
Project("{9A19103F-16F7-4668-BE54-9A1E7A4F7556}") = "Ketchup.Sample.Domain", "sample\Ketchup.Sample.Domain\Ketchup.Sample.Domain.csproj", "{C1171747-8A70-4278-9BCE-DBD0AB094140}"
EndProject
Project("{9A19103F-16F7-4668-BE54-9A1E7A4F7556}") = "Ketchup.Grpc", "src\Ketchup.Grpc\Ketchup.Grpc.csproj", "{236E0E5A-85B2-469D-829B-92A45A8EB804}"
EndProject
Project("{9A19103F-16F7-4668-BE54-9A1E7A4F7556}") = "Ketchup.RabbitMQ", "src\Ketchup.RabbitMQ\Ketchup.RabbitMQ.csproj", "{E5254741-0606-4643-B694-95C88F7B74D9}"
EndProject
Project("{9A19103F-16F7-4668-BE54-9A1E7A4F7556}") = "Ketchup.Caching", "src\Ketchup.Caching\Ketchup.Caching.csproj", "{0AC5B33A-BAA2-43BD-AF02-DB213603D3D3}"
EndProject
Project("{9A19103F-16F7-4668-BE54-9A1E7A4F7556}") = "Ketchup.Redis.Test", "test\Ketchup.Redis.Test\Ketchup.Redis.Test.csproj", "{B9A6D5BA-39F4-4EF1-BC98-1338F0087594}"
EndProject
Project("{9A19103F-16F7-4668-BE54-9A1E7A4F7556}") = "Ketchup.Gateway", "gateway\Ketchup.Gateway\Ketchup.Gateway.csproj", "{50C840D2-D784-4CF5-8FE2-75E58A93BD21}"
EndProject
Project("{9A19103F-16F7-4668-BE54-9A1E7A4F7556}") = "Ketchup.Profession", "src\Ketchup.Profession\Ketchup.Profession.csproj", "{F133F7A6-400F-484C-9A33-D92001D585CE}"
EndProject
Project("{2150E333-8FDC-42A3-9474-1A3956D46DE8}") = "gateway", "gateway", "{7C910C27-4CED-4C34-ACBB-81EA0EB2D673}"
EndProject
Global
	GlobalSection(SolutionConfigurationPlatforms) = preSolution
		Debug|Any CPU = Debug|Any CPU
		Release|Any CPU = Release|Any CPU
	EndGlobalSection
	GlobalSection(ProjectConfigurationPlatforms) = postSolution
		{181EFE0E-F318-4A64-91A0-A238076471EE}.Debug|Any CPU.ActiveCfg = Debug|Any CPU
		{181EFE0E-F318-4A64-91A0-A238076471EE}.Debug|Any CPU.Build.0 = Debug|Any CPU
		{181EFE0E-F318-4A64-91A0-A238076471EE}.Release|Any CPU.ActiveCfg = Release|Any CPU
		{181EFE0E-F318-4A64-91A0-A238076471EE}.Release|Any CPU.Build.0 = Release|Any CPU
		{E5E60678-D499-4DA8-BC2A-C919A6086F89}.Debug|Any CPU.ActiveCfg = Debug|Any CPU
		{E5E60678-D499-4DA8-BC2A-C919A6086F89}.Debug|Any CPU.Build.0 = Debug|Any CPU
		{E5E60678-D499-4DA8-BC2A-C919A6086F89}.Release|Any CPU.ActiveCfg = Release|Any CPU
		{E5E60678-D499-4DA8-BC2A-C919A6086F89}.Release|Any CPU.Build.0 = Release|Any CPU
		{82403930-2651-4A3C-A5C2-843C07649A8B}.Debug|Any CPU.ActiveCfg = Debug|Any CPU
		{82403930-2651-4A3C-A5C2-843C07649A8B}.Debug|Any CPU.Build.0 = Debug|Any CPU
		{82403930-2651-4A3C-A5C2-843C07649A8B}.Release|Any CPU.ActiveCfg = Release|Any CPU
		{82403930-2651-4A3C-A5C2-843C07649A8B}.Release|Any CPU.Build.0 = Release|Any CPU
		{0E71AEA8-CB12-4F5E-830A-8DE1ECEEA17D}.Debug|Any CPU.ActiveCfg = Debug|Any CPU
		{0E71AEA8-CB12-4F5E-830A-8DE1ECEEA17D}.Debug|Any CPU.Build.0 = Debug|Any CPU
		{0E71AEA8-CB12-4F5E-830A-8DE1ECEEA17D}.Release|Any CPU.ActiveCfg = Release|Any CPU
		{0E71AEA8-CB12-4F5E-830A-8DE1ECEEA17D}.Release|Any CPU.Build.0 = Release|Any CPU
		{2FDE3A27-3150-435F-BFF9-D9D90E93DE47}.Debug|Any CPU.ActiveCfg = Debug|Any CPU
		{2FDE3A27-3150-435F-BFF9-D9D90E93DE47}.Debug|Any CPU.Build.0 = Debug|Any CPU
		{2FDE3A27-3150-435F-BFF9-D9D90E93DE47}.Release|Any CPU.ActiveCfg = Release|Any CPU
		{2FDE3A27-3150-435F-BFF9-D9D90E93DE47}.Release|Any CPU.Build.0 = Release|Any CPU
		{71BBC2A0-7554-4051-8B7D-31DCC1A91886}.Debug|Any CPU.ActiveCfg = Debug|Any CPU
		{71BBC2A0-7554-4051-8B7D-31DCC1A91886}.Debug|Any CPU.Build.0 = Debug|Any CPU
		{71BBC2A0-7554-4051-8B7D-31DCC1A91886}.Release|Any CPU.ActiveCfg = Release|Any CPU
		{71BBC2A0-7554-4051-8B7D-31DCC1A91886}.Release|Any CPU.Build.0 = Release|Any CPU
		{C1171747-8A70-4278-9BCE-DBD0AB094140}.Debug|Any CPU.ActiveCfg = Debug|Any CPU
		{C1171747-8A70-4278-9BCE-DBD0AB094140}.Debug|Any CPU.Build.0 = Debug|Any CPU
		{C1171747-8A70-4278-9BCE-DBD0AB094140}.Release|Any CPU.ActiveCfg = Release|Any CPU
		{C1171747-8A70-4278-9BCE-DBD0AB094140}.Release|Any CPU.Build.0 = Release|Any CPU
		{236E0E5A-85B2-469D-829B-92A45A8EB804}.Debug|Any CPU.ActiveCfg = Debug|Any CPU
		{236E0E5A-85B2-469D-829B-92A45A8EB804}.Debug|Any CPU.Build.0 = Debug|Any CPU
		{236E0E5A-85B2-469D-829B-92A45A8EB804}.Release|Any CPU.ActiveCfg = Release|Any CPU
		{236E0E5A-85B2-469D-829B-92A45A8EB804}.Release|Any CPU.Build.0 = Release|Any CPU
		{E5254741-0606-4643-B694-95C88F7B74D9}.Debug|Any CPU.ActiveCfg = Debug|Any CPU
		{E5254741-0606-4643-B694-95C88F7B74D9}.Debug|Any CPU.Build.0 = Debug|Any CPU
		{E5254741-0606-4643-B694-95C88F7B74D9}.Release|Any CPU.ActiveCfg = Release|Any CPU
		{E5254741-0606-4643-B694-95C88F7B74D9}.Release|Any CPU.Build.0 = Release|Any CPU
		{0AC5B33A-BAA2-43BD-AF02-DB213603D3D3}.Debug|Any CPU.ActiveCfg = Debug|Any CPU
		{0AC5B33A-BAA2-43BD-AF02-DB213603D3D3}.Debug|Any CPU.Build.0 = Debug|Any CPU
		{0AC5B33A-BAA2-43BD-AF02-DB213603D3D3}.Release|Any CPU.ActiveCfg = Release|Any CPU
		{0AC5B33A-BAA2-43BD-AF02-DB213603D3D3}.Release|Any CPU.Build.0 = Release|Any CPU
		{B9A6D5BA-39F4-4EF1-BC98-1338F0087594}.Debug|Any CPU.ActiveCfg = Debug|Any CPU
		{B9A6D5BA-39F4-4EF1-BC98-1338F0087594}.Debug|Any CPU.Build.0 = Debug|Any CPU
		{B9A6D5BA-39F4-4EF1-BC98-1338F0087594}.Release|Any CPU.ActiveCfg = Release|Any CPU
		{B9A6D5BA-39F4-4EF1-BC98-1338F0087594}.Release|Any CPU.Build.0 = Release|Any CPU
		{50C840D2-D784-4CF5-8FE2-75E58A93BD21}.Debug|Any CPU.ActiveCfg = Debug|Any CPU
		{50C840D2-D784-4CF5-8FE2-75E58A93BD21}.Debug|Any CPU.Build.0 = Debug|Any CPU
		{50C840D2-D784-4CF5-8FE2-75E58A93BD21}.Release|Any CPU.ActiveCfg = Release|Any CPU
		{50C840D2-D784-4CF5-8FE2-75E58A93BD21}.Release|Any CPU.Build.0 = Release|Any CPU
		{F133F7A6-400F-484C-9A33-D92001D585CE}.Debug|Any CPU.ActiveCfg = Debug|Any CPU
		{F133F7A6-400F-484C-9A33-D92001D585CE}.Debug|Any CPU.Build.0 = Debug|Any CPU
		{F133F7A6-400F-484C-9A33-D92001D585CE}.Release|Any CPU.ActiveCfg = Release|Any CPU
		{F133F7A6-400F-484C-9A33-D92001D585CE}.Release|Any CPU.Build.0 = Release|Any CPU
	EndGlobalSection
	GlobalSection(SolutionProperties) = preSolution
		HideSolutionNode = FALSE
	EndGlobalSection
	GlobalSection(NestedProjects) = preSolution
		{181EFE0E-F318-4A64-91A0-A238076471EE} = {5B3C3304-C18A-4C2A-BFE5-BCCCFCBF91D1}
		{E5E60678-D499-4DA8-BC2A-C919A6086F89} = {5B3C3304-C18A-4C2A-BFE5-BCCCFCBF91D1}
		{82403930-2651-4A3C-A5C2-843C07649A8B} = {3A437EEA-9CCF-48CA-9AE8-2E0E036E70BB}
		{0E71AEA8-CB12-4F5E-830A-8DE1ECEEA17D} = {3A437EEA-9CCF-48CA-9AE8-2E0E036E70BB}
		{2FDE3A27-3150-435F-BFF9-D9D90E93DE47} = {3585020B-E24E-4936-9DA6-126E737A6572}
		{71BBC2A0-7554-4051-8B7D-31DCC1A91886} = {3585020B-E24E-4936-9DA6-126E737A6572}
		{C1171747-8A70-4278-9BCE-DBD0AB094140} = {3585020B-E24E-4936-9DA6-126E737A6572}
		{236E0E5A-85B2-469D-829B-92A45A8EB804} = {5B3C3304-C18A-4C2A-BFE5-BCCCFCBF91D1}
		{E5254741-0606-4643-B694-95C88F7B74D9} = {5B3C3304-C18A-4C2A-BFE5-BCCCFCBF91D1}
		{0AC5B33A-BAA2-43BD-AF02-DB213603D3D3} = {5B3C3304-C18A-4C2A-BFE5-BCCCFCBF91D1}
		{B9A6D5BA-39F4-4EF1-BC98-1338F0087594} = {3A437EEA-9CCF-48CA-9AE8-2E0E036E70BB}
		{50C840D2-D784-4CF5-8FE2-75E58A93BD21} = {7C910C27-4CED-4C34-ACBB-81EA0EB2D673}
		{F133F7A6-400F-484C-9A33-D92001D585CE} = {5B3C3304-C18A-4C2A-BFE5-BCCCFCBF91D1}
	EndGlobalSection
	GlobalSection(ExtensibilityGlobals) = postSolution
		SolutionGuid = {D69DA7EE-D2A0-4387-B287-356AF9B3BC18}
	EndGlobalSection
EndGlobal
